
Microsoft Visual Studio Solution File, Format Version 12.00
# Visual Studio 2013
VisualStudioVersion = 12.0.40629.0
MinimumVisualStudioVersion = 10.0.40219.1
Project("{FAE04EC0-301F-11D3-BF4B-00C04F79EFBC}") = "OpenSource.Restaurant.WebUI", "OpenSource.Restaurant.WebUI\OpenSource.Restaurant.WebUI.csproj", "{EF82677A-8338-4052-8CA6-25D803CE62C0}"
EndProject
Project("{FAE04EC0-301F-11D3-BF4B-00C04F79EFBC}") = "OpenSource.Restaurant.BusinessLogicLayer", "OpenSource.Restaurant.BusinessLogicLayer\OpenSource.Restaurant.BusinessLogicLayer.csproj", "{44AAECE5-8DDB-4CA3-8478-63C94146F6D8}"
EndProject
Project("{FAE04EC0-301F-11D3-BF4B-00C04F79EFBC}") = "OpenSource.Restaurant.Domain", "OpenSource.Restaurant.Domain\OpenSource.Restaurant.Domain.csproj", "{FE345DA9-8B44-402E-A244-CF1AE6624748}"
EndProject
Project("{FAE04EC0-301F-11D3-BF4B-00C04F79EFBC}") = "OpenSource.Restaurant.Tests", "OpenSource.Restaurant.Tests\OpenSource.Restaurant.Tests.csproj", "{2D27DC37-D425-4448-A26C-C63938075CEF}"
EndProject
Global
	GlobalSection(SolutionConfigurationPlatforms) = preSolution
		Debug|Any CPU = Debug|Any CPU
		Release|Any CPU = Release|Any CPU
	EndGlobalSection
	GlobalSection(ProjectConfigurationPlatforms) = postSolution
		{EF82677A-8338-4052-8CA6-25D803CE62C0}.Debug|Any CPU.ActiveCfg = Debug|Any CPU
		{EF82677A-8338-4052-8CA6-25D803CE62C0}.Debug|Any CPU.Build.0 = Debug|Any CPU
		{EF82677A-8338-4052-8CA6-25D803CE62C0}.Release|Any CPU.ActiveCfg = Release|Any CPU
		{EF82677A-8338-4052-8CA6-25D803CE62C0}.Release|Any CPU.Build.0 = Release|Any CPU
		{44AAECE5-8DDB-4CA3-8478-63C94146F6D8}.Debug|Any CPU.ActiveCfg = Debug|Any CPU
		{44AAECE5-8DDB-4CA3-8478-63C94146F6D8}.Debug|Any CPU.Build.0 = Debug|Any CPU
		{44AAECE5-8DDB-4CA3-8478-63C94146F6D8}.Release|Any CPU.ActiveCfg = Release|Any CPU
		{44AAECE5-8DDB-4CA3-8478-63C94146F6D8}.Release|Any CPU.Build.0 = Release|Any CPU
		{FE345DA9-8B44-402E-A244-CF1AE6624748}.Debug|Any CPU.ActiveCfg = Debug|Any CPU
		{FE345DA9-8B44-402E-A244-CF1AE6624748}.Debug|Any CPU.Build.0 = Debug|Any CPU
		{FE345DA9-8B44-402E-A244-CF1AE6624748}.Release|Any CPU.ActiveCfg = Release|Any CPU
		{FE345DA9-8B44-402E-A244-CF1AE6624748}.Release|Any CPU.Build.0 = Release|Any CPU
		{2D27DC37-D425-4448-A26C-C63938075CEF}.Debug|Any CPU.ActiveCfg = Debug|Any CPU
		{2D27DC37-D425-4448-A26C-C63938075CEF}.Debug|Any CPU.Build.0 = Debug|Any CPU
		{2D27DC37-D425-4448-A26C-C63938075CEF}.Release|Any CPU.ActiveCfg = Release|Any CPU
		{2D27DC37-D425-4448-A26C-C63938075CEF}.Release|Any CPU.Build.0 = Release|Any CPU
	EndGlobalSection
	GlobalSection(SolutionProperties) = preSolution
		HideSolutionNode = FALSE
	EndGlobalSection
EndGlobal
